
Microsoft Visual Studio Solution File, Format Version 12.00
Project("{FAE04EC0-301F-11D3-BF4B-00C04F79EFBC}") = "Task1", "Task1.csproj", "{05366702-6B42-4982-92A9-6FA2F6759F7A}"
EndProject
Global
	GlobalSection(SolutionConfigurationPlatforms) = preSolution
		Debug|Any CPU = Debug|Any CPU
		Release|Any CPU = Release|Any CPU
	EndGlobalSection
	GlobalSection(ProjectConfigurationPlatforms) = postSolution
		{05366702-6B42-4982-92A9-6FA2F6759F7A}.Debug|Any CPU.ActiveCfg = Debug|Any CPU
		{05366702-6B42-4982-92A9-6FA2F6759F7A}.Debug|Any CPU.Build.0 = Debug|Any CPU
		{05366702-6B42-4982-92A9-6FA2F6759F7A}.Release|Any CPU.ActiveCfg = Release|Any CPU
		{05366702-6B42-4982-92A9-6FA2F6759F7A}.Release|Any CPU.Build.0 = Release|Any CPU
	EndGlobalSection
EndGlobal
